
Microsoft Visual Studio Solution File, Format Version 12.00
# Visual Studio Version 16
VisualStudioVersion = 25.0.1705.2
MinimumVisualStudioVersion = 10.0.40219.1
Project("{FAE04EC0-301F-11D3-BF4B-00C04F79EFBC}") = "Vanutp_Lesson1", "Vanutp_Lesson1\Vanutp_Lesson1.csproj", "{4AC7C25F-D970-4EEA-9914-E4CC22430326}"
EndProject
Global
	GlobalSection(SolutionConfigurationPlatforms) = preSolution
		Debug|Any CPU = Debug|Any CPU
		Release|Any CPU = Release|Any CPU
	EndGlobalSection
	GlobalSection(ProjectConfigurationPlatforms) = postSolution
		{4AC7C25F-D970-4EEA-9914-E4CC22430326}.Debug|Any CPU.ActiveCfg = Debug|Any CPU
		{4AC7C25F-D970-4EEA-9914-E4CC22430326}.Debug|Any CPU.Build.0 = Debug|Any CPU
		{4AC7C25F-D970-4EEA-9914-E4CC22430326}.Release|Any CPU.ActiveCfg = Release|Any CPU
		{4AC7C25F-D970-4EEA-9914-E4CC22430326}.Release|Any CPU.Build.0 = Release|Any CPU
	EndGlobalSection
	GlobalSection(SolutionProperties) = preSolution
		HideSolutionNode = FALSE
	EndGlobalSection
	GlobalSection(ExtensibilityGlobals) = postSolution
		SolutionGuid = {5EB16486-0275-4C30-9B4C-F15BA572430B}
	EndGlobalSection
EndGlobal
